# This file is autogenerated, do not edit; changes may be undone by the next 'dep ensure'.


[[projects]]
  branch = "master"
  digest = "1:54d414482fb70eaccdd6e6fca023986b16ab3004e5b499b6bc3667d89574fc07"
  name = "github.com/getlantern/context"
  packages = ["."]
  pruneopts = "UT"
  revision = "624d99b1798d7c5375ea1d3ca4c5b04d58f7c775"

[[projects]]
  branch = "master"
  digest = "1:5df6f40bc793fa4ad53f1228688a0bda3e4f90df2d2305cdfaeaaef636b0aac1"
  name = "github.com/getlantern/errors"
  packages = ["."]
  pruneopts = "UT"
  revision = "e9c0296368b736086adb20832549567064224854"

[[projects]]
  branch = "master"
  digest = "1:99c1c515274e6c3ead7bf68dcc77f56131d0f937adeb6808ba86e0911adfdda7"
  name = "github.com/getlantern/filepersist"
  packages = ["."]
  pruneopts = "UT"
  revision = "c5f0cd24e7991579ba6f5f1bd20a1ad2c9f06cd4"

[[projects]]
  branch = "master"
  digest = "1:128515bf48085482f3b1269701a0be1b119087447d8f666a27211bdacf0b5dc9"
  name = "github.com/getlantern/golog"
  packages = ["."]
  pruneopts = "UT"
  revision = "cca714f7feb5df8e455f409b549d384441ac4578"

[[projects]]
  branch = "master"
  digest = "1:f12c7103ba4c446c6822f331ada3e5f0c3626be111a115e92700cd2724bca9ed"
  name = "github.com/getlantern/hex"
  packages = ["."]
  pruneopts = "UT"
  revision = "083fba3033ad473db3dd31c9bb368473d37581a7"

[[projects]]
  branch = "master"
  digest = "1:916634881c70eb3c2201419786896254d601a786a9124e662a079d4649df160d"
  name = "github.com/getlantern/hidden"
  packages = ["."]
  pruneopts = "UT"
  revision = "d52a649ab33af200943bb599898dbdcfdbc94cb7"

[[projects]]
  branch = "master"
  digest = "1:f84e2692edf40301ae0ce718695cde032f5c6964e4fad812749eb1eaefa95785"
  name = "github.com/getlantern/ops"
  packages = ["."]
  pruneopts = "UT"
  revision = "37353306c90844c8e0591956f56611f46299d202"

[[projects]]
  digest = "1:6f594606795392c9cec33deb4b8106e75851a5c16179130066f3b6f87388572a"
  name = "github.com/getlantern/stack"
  packages = ["."]
  pruneopts = "UT"
  revision = "02f928aad224fbccd50d66edd776fc9d1e9f2f2b"
  version = "1.5.1"

[[projects]]
  branch = "master"
  digest = "1:a4254554373bc3b6ecacbc95fb034f034f44cc9526bcf715d13920eb1f497960"
  name = "github.com/getlantern/systray"
  packages = ["."]
  pruneopts = "UT"
  revision = "62af9eb8030c168caa78856c967e6d2c4a7d813e"

[[projects]]
  branch = "master"
  digest = "1:c7354463195544b1ab3c1f1fadb41430947f5d28dfbf2cdbd38268c5717a5a03"
  name = "github.com/mitchellh/go-homedir"
  packages = ["."]
  pruneopts = "UT"
  revision = "58046073cbffe2f25d425fe1331102f55cf719de"

[[projects]]
  branch = "master"
  digest = "1:df63a8ddf6fd32f2cdf09db1ada151c8a27f5fe2516ee977b72d6a0707e94910"
  name = "github.com/oxtoacart/bpool"
  packages = ["."]
  pruneopts = "UT"
  revision = "4e1c5567d7c2dd59fa4c7c83d34c2f3528b025d6"

[[projects]]
  branch = "master"
  digest = "1:dec72d8441e4e88bbf27cc98e28e962e065ebd11bcd42063f0444020b7249618"
  name = "golang.org/x/crypto"
  packages = [
    "curve25519",
    "ed25519",
    "ed25519/internal/edwards25519",
    "internal/chacha20",
    "internal/subtle",
    "poly1305",
    "ssh",
  ]
  pruneopts = "UT"
  revision = "de0752318171da717af4ce24d0a2e8626afaeb11"

[solve-meta]
  analyzer-name = "dep"
  analyzer-version = 1
  input-imports = [
    "github.com/getlantern/systray",
    "github.com/mitchellh/go-homedir",
    "golang.org/x/crypto/ssh",
  ]
  solver-name = "gps-cdcl"
  solver-version = 1
